
Microsoft Visual Studio Solution File, Format Version 12.00
# Visual Studio Version 17
VisualStudioVersion = 17.4.33213.308
MinimumVisualStudioVersion = 10.0.40219.1
Project("{FAE04EC0-301F-11D3-BF4B-00C04F79EFBC}") = "SqlValidator", "SqlValidator\SqlValidator.csproj", "{9A0CF6E1-0E90-4CDF-936C-06510520F108}"
EndProject
Project("{FAE04EC0-301F-11D3-BF4B-00C04F79EFBC}") = "SqlValidator.Tests", "SqlValidator.Tests\SqlValidator.Tests.csproj", "{B261D52B-3B08-4CD1-9B5F-58561AA70939}"
EndProject
Global
	GlobalSection(SolutionConfigurationPlatforms) = preSolution
		Debug|Any CPU = Debug|Any CPU
		Release|Any CPU = Release|Any CPU
	EndGlobalSection
	GlobalSection(ProjectConfigurationPlatforms) = postSolution
		{9A0CF6E1-0E90-4CDF-936C-06510520F108}.Debug|Any CPU.ActiveCfg = Debug|Any CPU
		{9A0CF6E1-0E90-4CDF-936C-06510520F108}.Debug|Any CPU.Build.0 = Debug|Any CPU
		{9A0CF6E1-0E90-4CDF-936C-06510520F108}.Release|Any CPU.ActiveCfg = Release|Any CPU
		{9A0CF6E1-0E90-4CDF-936C-06510520F108}.Release|Any CPU.Build.0 = Release|Any CPU
		{B261D52B-3B08-4CD1-9B5F-58561AA70939}.Debug|Any CPU.ActiveCfg = Debug|Any CPU
		{B261D52B-3B08-4CD1-9B5F-58561AA70939}.Debug|Any CPU.Build.0 = Debug|Any CPU
		{B261D52B-3B08-4CD1-9B5F-58561AA70939}.Release|Any CPU.ActiveCfg = Release|Any CPU
		{B261D52B-3B08-4CD1-9B5F-58561AA70939}.Release|Any CPU.Build.0 = Release|Any CPU
	EndGlobalSection
	GlobalSection(SolutionProperties) = preSolution
		HideSolutionNode = FALSE
	EndGlobalSection
	GlobalSection(ExtensibilityGlobals) = postSolution
		SolutionGuid = {C97D702A-E4C6-49A6-862B-B6114D17D42B}
	EndGlobalSection
EndGlobal
